
Microsoft Visual Studio Solution File, Format Version 12.00
# Visual Studio Version 16
VisualStudioVersion = 16.0.32106.194
MinimumVisualStudioVersion = 10.0.40219.1
Project("{9A19103F-16F7-4668-BE54-9A1E7A4F7556}") = "Class2", "Class2\Class2.csproj", "{35D17ECC-3475-47A4-8242-5D2B89F1812B}"
EndProject
Project("{FAE04EC0-301F-11D3-BF4B-00C04F79EFBC}") = "Class3", "Class3\Class3.csproj", "{880E3497-0D10-4056-BBA5-7AAC8FD9724F}"
EndProject
Global
	GlobalSection(SolutionConfigurationPlatforms) = preSolution
		Debug|Any CPU = Debug|Any CPU
		Release|Any CPU = Release|Any CPU
	EndGlobalSection
	GlobalSection(ProjectConfigurationPlatforms) = postSolution
		{35D17ECC-3475-47A4-8242-5D2B89F1812B}.Debug|Any CPU.ActiveCfg = Debug|Any CPU
		{35D17ECC-3475-47A4-8242-5D2B89F1812B}.Debug|Any CPU.Build.0 = Debug|Any CPU
		{35D17ECC-3475-47A4-8242-5D2B89F1812B}.Release|Any CPU.ActiveCfg = Release|Any CPU
		{35D17ECC-3475-47A4-8242-5D2B89F1812B}.Release|Any CPU.Build.0 = Release|Any CPU
		{880E3497-0D10-4056-BBA5-7AAC8FD9724F}.Debug|Any CPU.ActiveCfg = Debug|Any CPU
		{880E3497-0D10-4056-BBA5-7AAC8FD9724F}.Debug|Any CPU.Build.0 = Debug|Any CPU
		{880E3497-0D10-4056-BBA5-7AAC8FD9724F}.Release|Any CPU.ActiveCfg = Release|Any CPU
		{880E3497-0D10-4056-BBA5-7AAC8FD9724F}.Release|Any CPU.Build.0 = Release|Any CPU
	EndGlobalSection
	GlobalSection(SolutionProperties) = preSolution
		HideSolutionNode = FALSE
	EndGlobalSection
	GlobalSection(ExtensibilityGlobals) = postSolution
		SolutionGuid = {9B37DC52-F0F7-4EF7-93F6-52036F28B62C}
	EndGlobalSection
EndGlobal
