
Microsoft Visual Studio Solution File, Format Version 12.00
# Visual Studio Version 16
VisualStudioVersion = 16.0.31911.196
MinimumVisualStudioVersion = 10.0.40219.1
Project("{FAE04EC0-301F-11D3-BF4B-00C04F79EFBC}") = "class2", "class2\class2.csproj", "{813C95A8-5994-4385-A383-298731167815}"
EndProject
Global
	GlobalSection(SolutionConfigurationPlatforms) = preSolution
		Debug|Any CPU = Debug|Any CPU
		Release|Any CPU = Release|Any CPU
	EndGlobalSection
	GlobalSection(ProjectConfigurationPlatforms) = postSolution
		{813C95A8-5994-4385-A383-298731167815}.Debug|Any CPU.ActiveCfg = Debug|Any CPU
		{813C95A8-5994-4385-A383-298731167815}.Debug|Any CPU.Build.0 = Debug|Any CPU
		{813C95A8-5994-4385-A383-298731167815}.Release|Any CPU.ActiveCfg = Release|Any CPU
		{813C95A8-5994-4385-A383-298731167815}.Release|Any CPU.Build.0 = Release|Any CPU
	EndGlobalSection
	GlobalSection(SolutionProperties) = preSolution
		HideSolutionNode = FALSE
	EndGlobalSection
	GlobalSection(ExtensibilityGlobals) = postSolution
		SolutionGuid = {F5EE66F2-9124-4B38-A26C-C7ECFA519D99}
	EndGlobalSection
EndGlobal
