
Microsoft Visual Studio Solution File, Format Version 12.00
# Visual Studio Version 16
VisualStudioVersion = 16.0.32106.194
MinimumVisualStudioVersion = 10.0.40219.1
Project("{9A19103F-16F7-4668-BE54-9A1E7A4F7556}") = "Class2", "Class2\Class2.csproj", "{87B388D4-B183-4C5B-A0A2-0B70322DEDB5}"
EndProject
Global
	GlobalSection(SolutionConfigurationPlatforms) = preSolution
		Debug|Any CPU = Debug|Any CPU
		Release|Any CPU = Release|Any CPU
	EndGlobalSection
	GlobalSection(ProjectConfigurationPlatforms) = postSolution
		{87B388D4-B183-4C5B-A0A2-0B70322DEDB5}.Debug|Any CPU.ActiveCfg = Debug|Any CPU
		{87B388D4-B183-4C5B-A0A2-0B70322DEDB5}.Debug|Any CPU.Build.0 = Debug|Any CPU
		{87B388D4-B183-4C5B-A0A2-0B70322DEDB5}.Release|Any CPU.ActiveCfg = Release|Any CPU
		{87B388D4-B183-4C5B-A0A2-0B70322DEDB5}.Release|Any CPU.Build.0 = Release|Any CPU
	EndGlobalSection
	GlobalSection(SolutionProperties) = preSolution
		HideSolutionNode = FALSE
	EndGlobalSection
	GlobalSection(ExtensibilityGlobals) = postSolution
		SolutionGuid = {A58A1FB3-3209-41B9-99EB-8ADD1961CEF2}
	EndGlobalSection
EndGlobal
